
Microsoft Visual Studio Solution File, Format Version 12.00
Project("{FAE04EC0-301F-11D3-BF4B-00C04F79EFBC}") = "WebScrape", "WebScrape\WebScrape.csproj", "{10B0B7D3-4D71-4ABA-824F-85FED7226293}"
EndProject
Project("{FAE04EC0-301F-11D3-BF4B-00C04F79EFBC}") = "TopicExamples", "TopicExamples\TopicExamples.csproj", "{F35F0E6F-7BB6-4F14-85E2-875F5855CB31}"
EndProject
Project("{FAE04EC0-301F-11D3-BF4B-00C04F79EFBC}") = "PlatformInvokeWindow", "PlatformInvokeWindow\PlatformInvokeWindow.csproj", "{2B8FAD88-BBF3-4C94-A0EA-F964E81FF521}"
EndProject
Project("{FAE04EC0-301F-11D3-BF4B-00C04F79EFBC}") = "PlatformInvokeConsole", "PlatformInvokeConsole\PlatformInvokeConsole.csproj", "{94007D59-E4EC-4415-9DF7-5EC30DA0A52E}"
EndProject
Project("{FAE04EC0-301F-11D3-BF4B-00C04F79EFBC}") = "RustInvoke", "RustInvoke\RustInvoke.csproj", "{0C7897A1-C0E9-498A-8840-098F0EB0BA57}"
EndProject
Project("{F2A71F9B-5D33-465A-A702-920D77279786}") = "FSharpExample", "FSharpExample\FSharpExample.fsproj", "{87A051B9-D36A-4B35-ACE6-9E8CE086F5C1}"
EndProject
Project("{FAE04EC0-301F-11D3-BF4B-00C04F79EFBC}") = "TopicTests", "TopicTests\TopicTests.csproj", "{B49463D4-E3FD-4C99-8FA6-7978508A645B}"
EndProject
Global
	GlobalSection(SolutionConfigurationPlatforms) = preSolution
		Debug|Any CPU = Debug|Any CPU
		Release|Any CPU = Release|Any CPU
	EndGlobalSection
	GlobalSection(ProjectConfigurationPlatforms) = postSolution
		{10B0B7D3-4D71-4ABA-824F-85FED7226293}.Debug|Any CPU.ActiveCfg = Debug|Any CPU
		{10B0B7D3-4D71-4ABA-824F-85FED7226293}.Debug|Any CPU.Build.0 = Debug|Any CPU
		{10B0B7D3-4D71-4ABA-824F-85FED7226293}.Release|Any CPU.ActiveCfg = Release|Any CPU
		{10B0B7D3-4D71-4ABA-824F-85FED7226293}.Release|Any CPU.Build.0 = Release|Any CPU
		{F35F0E6F-7BB6-4F14-85E2-875F5855CB31}.Debug|Any CPU.ActiveCfg = Debug|Any CPU
		{F35F0E6F-7BB6-4F14-85E2-875F5855CB31}.Debug|Any CPU.Build.0 = Debug|Any CPU
		{F35F0E6F-7BB6-4F14-85E2-875F5855CB31}.Release|Any CPU.ActiveCfg = Release|Any CPU
		{F35F0E6F-7BB6-4F14-85E2-875F5855CB31}.Release|Any CPU.Build.0 = Release|Any CPU
		{2B8FAD88-BBF3-4C94-A0EA-F964E81FF521}.Debug|Any CPU.ActiveCfg = Debug|Any CPU
		{2B8FAD88-BBF3-4C94-A0EA-F964E81FF521}.Debug|Any CPU.Build.0 = Debug|Any CPU
		{2B8FAD88-BBF3-4C94-A0EA-F964E81FF521}.Release|Any CPU.ActiveCfg = Release|Any CPU
		{2B8FAD88-BBF3-4C94-A0EA-F964E81FF521}.Release|Any CPU.Build.0 = Release|Any CPU
		{94007D59-E4EC-4415-9DF7-5EC30DA0A52E}.Debug|Any CPU.ActiveCfg = Debug|Any CPU
		{94007D59-E4EC-4415-9DF7-5EC30DA0A52E}.Debug|Any CPU.Build.0 = Debug|Any CPU
		{94007D59-E4EC-4415-9DF7-5EC30DA0A52E}.Release|Any CPU.ActiveCfg = Release|Any CPU
		{94007D59-E4EC-4415-9DF7-5EC30DA0A52E}.Release|Any CPU.Build.0 = Release|Any CPU
		{0C7897A1-C0E9-498A-8840-098F0EB0BA57}.Debug|Any CPU.ActiveCfg = Debug|Any CPU
		{0C7897A1-C0E9-498A-8840-098F0EB0BA57}.Debug|Any CPU.Build.0 = Debug|Any CPU
		{0C7897A1-C0E9-498A-8840-098F0EB0BA57}.Release|Any CPU.ActiveCfg = Release|Any CPU
		{0C7897A1-C0E9-498A-8840-098F0EB0BA57}.Release|Any CPU.Build.0 = Release|Any CPU
		{87A051B9-D36A-4B35-ACE6-9E8CE086F5C1}.Debug|Any CPU.ActiveCfg = Debug|Any CPU
		{87A051B9-D36A-4B35-ACE6-9E8CE086F5C1}.Debug|Any CPU.Build.0 = Debug|Any CPU
		{87A051B9-D36A-4B35-ACE6-9E8CE086F5C1}.Release|Any CPU.ActiveCfg = Release|Any CPU
		{87A051B9-D36A-4B35-ACE6-9E8CE086F5C1}.Release|Any CPU.Build.0 = Release|Any CPU
		{B49463D4-E3FD-4C99-8FA6-7978508A645B}.Debug|Any CPU.ActiveCfg = Debug|Any CPU
		{B49463D4-E3FD-4C99-8FA6-7978508A645B}.Debug|Any CPU.Build.0 = Debug|Any CPU
		{B49463D4-E3FD-4C99-8FA6-7978508A645B}.Release|Any CPU.ActiveCfg = Release|Any CPU
		{B49463D4-E3FD-4C99-8FA6-7978508A645B}.Release|Any CPU.Build.0 = Release|Any CPU
	EndGlobalSection
EndGlobal
